
Microsoft Visual Studio Solution File, Format Version 12.00
# Visual Studio Version 16
VisualStudioVersion = 16.0.30503.244
MinimumVisualStudioVersion = 10.0.40219.1
Project("{FAE04EC0-301F-11D3-BF4B-00C04F79EFBC}") = "Domain", "Domain\Domain.csproj", "{D6248C7C-5FDB-4BB2-9890-827EB0147F86}"
EndProject
Project("{FAE04EC0-301F-11D3-BF4B-00C04F79EFBC}") = "Bookingapi", "Bookingapi\Bookingapi.csproj", "{8AE15DE4-3CAF-4A9A-BB49-A4ACB4194826}"
EndProject
Project("{FAE04EC0-301F-11D3-BF4B-00C04F79EFBC}") = "Bookinghandler", "Bookinghandler\Bookinghandler.csproj", "{A43EC09D-A05B-44AE-8101-ADAB0D334C4B}"
	ProjectSection(ProjectDependencies) = postProject
		{D6248C7C-5FDB-4BB2-9890-827EB0147F86} = {D6248C7C-5FDB-4BB2-9890-827EB0147F86}
	EndProjectSection
EndProject
Project("{FAE04EC0-301F-11D3-BF4B-00C04F79EFBC}") = "BookinghandlerShould", "BookinghandlerShould\BookinghandlerShould.csproj", "{30A414B6-DA9D-4DA6-83C8-C009362AF486}"
EndProject
Global
	GlobalSection(SolutionConfigurationPlatforms) = preSolution
		Debug|Any CPU = Debug|Any CPU
		Release|Any CPU = Release|Any CPU
	EndGlobalSection
	GlobalSection(ProjectConfigurationPlatforms) = postSolution
		{D6248C7C-5FDB-4BB2-9890-827EB0147F86}.Debug|Any CPU.ActiveCfg = Debug|Any CPU
		{D6248C7C-5FDB-4BB2-9890-827EB0147F86}.Debug|Any CPU.Build.0 = Debug|Any CPU
		{D6248C7C-5FDB-4BB2-9890-827EB0147F86}.Release|Any CPU.ActiveCfg = Release|Any CPU
		{D6248C7C-5FDB-4BB2-9890-827EB0147F86}.Release|Any CPU.Build.0 = Release|Any CPU
		{8AE15DE4-3CAF-4A9A-BB49-A4ACB4194826}.Debug|Any CPU.ActiveCfg = Debug|Any CPU
		{8AE15DE4-3CAF-4A9A-BB49-A4ACB4194826}.Debug|Any CPU.Build.0 = Debug|Any CPU
		{8AE15DE4-3CAF-4A9A-BB49-A4ACB4194826}.Release|Any CPU.ActiveCfg = Release|Any CPU
		{8AE15DE4-3CAF-4A9A-BB49-A4ACB4194826}.Release|Any CPU.Build.0 = Release|Any CPU
		{A43EC09D-A05B-44AE-8101-ADAB0D334C4B}.Debug|Any CPU.ActiveCfg = Debug|Any CPU
		{A43EC09D-A05B-44AE-8101-ADAB0D334C4B}.Debug|Any CPU.Build.0 = Debug|Any CPU
		{A43EC09D-A05B-44AE-8101-ADAB0D334C4B}.Release|Any CPU.ActiveCfg = Release|Any CPU
		{A43EC09D-A05B-44AE-8101-ADAB0D334C4B}.Release|Any CPU.Build.0 = Release|Any CPU
		{30A414B6-DA9D-4DA6-83C8-C009362AF486}.Debug|Any CPU.ActiveCfg = Debug|Any CPU
		{30A414B6-DA9D-4DA6-83C8-C009362AF486}.Debug|Any CPU.Build.0 = Debug|Any CPU
		{30A414B6-DA9D-4DA6-83C8-C009362AF486}.Release|Any CPU.ActiveCfg = Release|Any CPU
		{30A414B6-DA9D-4DA6-83C8-C009362AF486}.Release|Any CPU.Build.0 = Release|Any CPU
	EndGlobalSection
	GlobalSection(SolutionProperties) = preSolution
		HideSolutionNode = FALSE
	EndGlobalSection
	GlobalSection(ExtensibilityGlobals) = postSolution
		SolutionGuid = {83C536ED-9A18-4C78-B2EE-562EC9447C0F}
	EndGlobalSection
EndGlobal
